
Microsoft Visual Studio Solution File, Format Version 12.00
# Visual Studio 2013
VisualStudioVersion = 12.0.21005.1
MinimumVisualStudioVersion = 10.0.40219.1
Project("{FAE04EC0-301F-11D3-BF4B-00C04F79EFBC}") = "Weather.Tests", "Weather.Tests\Weather.Tests.csproj", "{41B72C18-E2BA-4453-B36D-688C52AA3AA4}"
EndProject
Project("{FAE04EC0-301F-11D3-BF4B-00C04F79EFBC}") = "Weather.Api", "Weather.Api\Weather.Api.csproj", "{7568AD03-4B03-42BC-9D1F-49509D9E2664}"
EndProject
Project("{FAE04EC0-301F-11D3-BF4B-00C04F79EFBC}") = "Weather.Factory", "Weather.Factory\Weather.Factory.csproj", "{A9F44353-94A0-49A5-AE50-5A32D090BE38}"
EndProject
Project("{FAE04EC0-301F-11D3-BF4B-00C04F79EFBC}") = "Weather.Wrapper", "Weather.Wrapper\Weather.Wrapper.csproj", "{58461842-7676-4A87-930A-9362564AF608}"
EndProject
Project("{2150E333-8FDC-42A3-9474-1A3956D46DE8}") = ".nuget", ".nuget", "{48406B2E-E65E-49B2-93B2-24D2070CE52B}"
	ProjectSection(SolutionItems) = preProject
		.nuget\packages.config = .nuget\packages.config
	EndProjectSection
EndProject
Global
	GlobalSection(SolutionConfigurationPlatforms) = preSolution
		Debug|Any CPU = Debug|Any CPU
		Release|Any CPU = Release|Any CPU
	EndGlobalSection
	GlobalSection(ProjectConfigurationPlatforms) = postSolution
		{41B72C18-E2BA-4453-B36D-688C52AA3AA4}.Debug|Any CPU.ActiveCfg = Debug|Any CPU
		{41B72C18-E2BA-4453-B36D-688C52AA3AA4}.Debug|Any CPU.Build.0 = Debug|Any CPU
		{41B72C18-E2BA-4453-B36D-688C52AA3AA4}.Release|Any CPU.ActiveCfg = Release|Any CPU
		{41B72C18-E2BA-4453-B36D-688C52AA3AA4}.Release|Any CPU.Build.0 = Release|Any CPU
		{7568AD03-4B03-42BC-9D1F-49509D9E2664}.Debug|Any CPU.ActiveCfg = Debug|Any CPU
		{7568AD03-4B03-42BC-9D1F-49509D9E2664}.Debug|Any CPU.Build.0 = Debug|Any CPU
		{7568AD03-4B03-42BC-9D1F-49509D9E2664}.Release|Any CPU.ActiveCfg = Release|Any CPU
		{7568AD03-4B03-42BC-9D1F-49509D9E2664}.Release|Any CPU.Build.0 = Release|Any CPU
		{A9F44353-94A0-49A5-AE50-5A32D090BE38}.Debug|Any CPU.ActiveCfg = Debug|Any CPU
		{A9F44353-94A0-49A5-AE50-5A32D090BE38}.Debug|Any CPU.Build.0 = Debug|Any CPU
		{A9F44353-94A0-49A5-AE50-5A32D090BE38}.Release|Any CPU.ActiveCfg = Release|Any CPU
		{A9F44353-94A0-49A5-AE50-5A32D090BE38}.Release|Any CPU.Build.0 = Release|Any CPU
		{58461842-7676-4A87-930A-9362564AF608}.Debug|Any CPU.ActiveCfg = Debug|Any CPU
		{58461842-7676-4A87-930A-9362564AF608}.Debug|Any CPU.Build.0 = Debug|Any CPU
		{58461842-7676-4A87-930A-9362564AF608}.Release|Any CPU.ActiveCfg = Release|Any CPU
		{58461842-7676-4A87-930A-9362564AF608}.Release|Any CPU.Build.0 = Release|Any CPU
	EndGlobalSection
	GlobalSection(SolutionProperties) = preSolution
		HideSolutionNode = FALSE
	EndGlobalSection
EndGlobal
